
Microsoft Visual Studio Solution File, Format Version 12.00
# Visual Studio Version 17
VisualStudioVersion = 17.0.31903.59
MinimumVisualStudioVersion = 10.0.40219.1
Project("{FAE04EC0-301F-11D3-BF4B-00C04F79EFBC}") = "pathfinder.example.AppHost", "pathfinder.example.AppHost\pathfinder.example.AppHost.csproj", "{9E974982-1D9B-4955-BB18-65FAA4725D28}"
EndProject
Project("{FAE04EC0-301F-11D3-BF4B-00C04F79EFBC}") = "pathfinder.example.ServiceDefaults", "pathfinder.example.ServiceDefaults\pathfinder.example.ServiceDefaults.csproj", "{349CF5EF-48ED-49F9-9C60-3BCCE0BB707D}"
EndProject
Project("{FAE04EC0-301F-11D3-BF4B-00C04F79EFBC}") = "pathfinder.example.client", "pathfinder.example.client\pathfinder.example.client.csproj", "{B3EE6745-AFEC-45FD-909A-2DAB29CBA9F4}"
EndProject
Global
	GlobalSection(SolutionConfigurationPlatforms) = preSolution
		Debug|Any CPU = Debug|Any CPU
		Release|Any CPU = Release|Any CPU
	EndGlobalSection
	GlobalSection(ProjectConfigurationPlatforms) = postSolution
		{9E974982-1D9B-4955-BB18-65FAA4725D28}.Debug|Any CPU.ActiveCfg = Debug|Any CPU
		{9E974982-1D9B-4955-BB18-65FAA4725D28}.Debug|Any CPU.Build.0 = Debug|Any CPU
		{9E974982-1D9B-4955-BB18-65FAA4725D28}.Release|Any CPU.ActiveCfg = Release|Any CPU
		{9E974982-1D9B-4955-BB18-65FAA4725D28}.Release|Any CPU.Build.0 = Release|Any CPU
		{349CF5EF-48ED-49F9-9C60-3BCCE0BB707D}.Debug|Any CPU.ActiveCfg = Debug|Any CPU
		{349CF5EF-48ED-49F9-9C60-3BCCE0BB707D}.Debug|Any CPU.Build.0 = Debug|Any CPU
		{349CF5EF-48ED-49F9-9C60-3BCCE0BB707D}.Release|Any CPU.ActiveCfg = Release|Any CPU
		{349CF5EF-48ED-49F9-9C60-3BCCE0BB707D}.Release|Any CPU.Build.0 = Release|Any CPU
		{B3EE6745-AFEC-45FD-909A-2DAB29CBA9F4}.Debug|Any CPU.ActiveCfg = Debug|Any CPU
		{B3EE6745-AFEC-45FD-909A-2DAB29CBA9F4}.Debug|Any CPU.Build.0 = Debug|Any CPU
		{B3EE6745-AFEC-45FD-909A-2DAB29CBA9F4}.Release|Any CPU.ActiveCfg = Release|Any CPU
		{B3EE6745-AFEC-45FD-909A-2DAB29CBA9F4}.Release|Any CPU.Build.0 = Release|Any CPU
	EndGlobalSection
	GlobalSection(SolutionProperties) = preSolution
		HideSolutionNode = FALSE
	EndGlobalSection
	GlobalSection(NestedProjects) = preSolution
	EndGlobalSection
EndGlobal
